
Microsoft Visual Studio Solution File, Format Version 12.00
# Visual Studio Version 16
VisualStudioVersion = 16.0.29009.5
MinimumVisualStudioVersion = 10.0.40219.1
Project("{2150E333-8FDC-42A3-9474-1A3956D46DE8}") = "01.Algorithms - Counting Bits", "01.Algorithms - Counting Bits", "{F9D2ED27-3445-4785-AA5A-BE47877DF50A}"
	ProjectSection(SolutionItems) = preProject
		01.Algorithm.CountingBits.Instructions.pdf = 01.Algorithm.CountingBits.Instructions.pdf
	EndProjectSection
EndProject
Project("{9A19103F-16F7-4668-BE54-9A1E7A4F7556}") = "Algorithms.CountingBits", "Algorithms.CountingBits\Algorithms.CountingBits.csproj", "{3810320F-AFDA-47F7-B5C7-E4D0D07942DA}"
EndProject
Project("{2150E333-8FDC-42A3-9474-1A3956D46DE8}") = "02.Refactoring - Fraud Detection", "02.Refactoring - Fraud Detection", "{56468579-8CC5-463E-8837-19AD9F44A2A1}"
	ProjectSection(SolutionItems) = preProject
		02.Refactoring.FraudDetection.Instructions.pdf = 02.Refactoring.FraudDetection.Instructions.pdf
	EndProjectSection
EndProject
Project("{FAE04EC0-301F-11D3-BF4B-00C04F79EFBC}") = "Refactoring.FraudDetection", "Refactoring.FraudDetection\Refactoring.FraudDetection.csproj", "{8224980E-09C3-4AB6-AC81-01106DD46C91}"
EndProject
Project("{FAE04EC0-301F-11D3-BF4B-00C04F79EFBC}") = "Algorithms.CountingBits.Tests", "Algorithms.CountingBits.Tests\Algorithms.CountingBits.Tests.csproj", "{792CF148-C327-4DC6-A5E0-481276305C6D}"
EndProject
Project("{FAE04EC0-301F-11D3-BF4B-00C04F79EFBC}") = "Refactoring.FraudDetection.Tests", "Refactoring.FraudDetection.Tests\Refactoring.FraudDetection.Tests.csproj", "{2CA139A0-D198-402A-96F1-8A6315E1E6B5}"
EndProject
Global
	GlobalSection(SolutionConfigurationPlatforms) = preSolution
		Debug|Any CPU = Debug|Any CPU
		Release|Any CPU = Release|Any CPU
	EndGlobalSection
	GlobalSection(ProjectConfigurationPlatforms) = postSolution
		{3810320F-AFDA-47F7-B5C7-E4D0D07942DA}.Debug|Any CPU.ActiveCfg = Debug|Any CPU
		{3810320F-AFDA-47F7-B5C7-E4D0D07942DA}.Debug|Any CPU.Build.0 = Debug|Any CPU
		{3810320F-AFDA-47F7-B5C7-E4D0D07942DA}.Release|Any CPU.ActiveCfg = Release|Any CPU
		{3810320F-AFDA-47F7-B5C7-E4D0D07942DA}.Release|Any CPU.Build.0 = Release|Any CPU
		{8224980E-09C3-4AB6-AC81-01106DD46C91}.Debug|Any CPU.ActiveCfg = Debug|Any CPU
		{8224980E-09C3-4AB6-AC81-01106DD46C91}.Debug|Any CPU.Build.0 = Debug|Any CPU
		{8224980E-09C3-4AB6-AC81-01106DD46C91}.Release|Any CPU.ActiveCfg = Release|Any CPU
		{8224980E-09C3-4AB6-AC81-01106DD46C91}.Release|Any CPU.Build.0 = Release|Any CPU
		{792CF148-C327-4DC6-A5E0-481276305C6D}.Debug|Any CPU.ActiveCfg = Debug|Any CPU
		{792CF148-C327-4DC6-A5E0-481276305C6D}.Debug|Any CPU.Build.0 = Debug|Any CPU
		{792CF148-C327-4DC6-A5E0-481276305C6D}.Release|Any CPU.ActiveCfg = Release|Any CPU
		{792CF148-C327-4DC6-A5E0-481276305C6D}.Release|Any CPU.Build.0 = Release|Any CPU
		{2CA139A0-D198-402A-96F1-8A6315E1E6B5}.Debug|Any CPU.ActiveCfg = Debug|Any CPU
		{2CA139A0-D198-402A-96F1-8A6315E1E6B5}.Debug|Any CPU.Build.0 = Debug|Any CPU
		{2CA139A0-D198-402A-96F1-8A6315E1E6B5}.Release|Any CPU.ActiveCfg = Release|Any CPU
		{2CA139A0-D198-402A-96F1-8A6315E1E6B5}.Release|Any CPU.Build.0 = Release|Any CPU
	EndGlobalSection
	GlobalSection(SolutionProperties) = preSolution
		HideSolutionNode = FALSE
	EndGlobalSection
	GlobalSection(NestedProjects) = preSolution
		{3810320F-AFDA-47F7-B5C7-E4D0D07942DA} = {F9D2ED27-3445-4785-AA5A-BE47877DF50A}
		{8224980E-09C3-4AB6-AC81-01106DD46C91} = {56468579-8CC5-463E-8837-19AD9F44A2A1}
		{792CF148-C327-4DC6-A5E0-481276305C6D} = {F9D2ED27-3445-4785-AA5A-BE47877DF50A}
		{2CA139A0-D198-402A-96F1-8A6315E1E6B5} = {56468579-8CC5-463E-8837-19AD9F44A2A1}
	EndGlobalSection
	GlobalSection(ExtensibilityGlobals) = postSolution
		SolutionGuid = {6E30AEE5-6545-47B4-8526-EFB40E2BEC1C}
	EndGlobalSection
EndGlobal
