
Microsoft Visual Studio Solution File, Format Version 12.00
# Visual Studio 15
VisualStudioVersion = 15.0.27130.2010
MinimumVisualStudioVersion = 10.0.40219.1
Project("{2150E333-8FDC-42A3-9474-1A3956D46DE8}") = "01.Algorithms - Counting Bits", "01.Algorithms - Counting Bits", "{E809F652-06C8-4010-94F3-5937A31C4779}"
	ProjectSection(SolutionItems) = preProject
		01.Algorithm.CountingBits.Instructions.pdf = 01.Algorithm.CountingBits.Instructions.pdf
	EndProjectSection
EndProject
Project("{FAE04EC0-301F-11D3-BF4B-00C04F79EFBC}") = "Algorithms.CountingBits", "Algorithms.CountingBits\Algorithms.CountingBits.csproj", "{E85BA8D7-4D0E-4ADA-BA4C-CA72AE6B8103}"
EndProject
Project("{FAE04EC0-301F-11D3-BF4B-00C04F79EFBC}") = "Algorithms.CountingBits.Tests", "Algorithms.CountingBits.Tests\Algorithms.CountingBits.Tests.csproj", "{F3305D9B-46F9-4C7B-8A12-CCD71EF8FF0E}"
EndProject
Project("{2150E333-8FDC-42A3-9474-1A3956D46DE8}") = "02.Refactoring - Fraud Detection", "02.Refactoring - Fraud Detection", "{E2F5E239-3314-4D2A-8F1C-7A9A5A462636}"
	ProjectSection(SolutionItems) = preProject
		02.Refactoring.FraudDetection.Instructions.pdf = 02.Refactoring.FraudDetection.Instructions.pdf
	EndProjectSection
EndProject
Project("{FAE04EC0-301F-11D3-BF4B-00C04F79EFBC}") = "Refactoring.FraudDetection.Tests", "Refactoring.FraudDetection.Tests\Refactoring.FraudDetection.Tests.csproj", "{A986CCFA-8761-4BC9-A7A5-21808EFAF3CF}"
EndProject
Project("{FAE04EC0-301F-11D3-BF4B-00C04F79EFBC}") = "Refactoring.FraudDetection", "Refactoring.FraudDetection\Refactoring.FraudDetection.csproj", "{DD7D1C3A-6E45-4C2E-A55A-01984AD4A3E8}"
EndProject
Global
	GlobalSection(SolutionConfigurationPlatforms) = preSolution
		Debug|Any CPU = Debug|Any CPU
		Release|Any CPU = Release|Any CPU
	EndGlobalSection
	GlobalSection(ProjectConfigurationPlatforms) = postSolution
		{E85BA8D7-4D0E-4ADA-BA4C-CA72AE6B8103}.Debug|Any CPU.ActiveCfg = Debug|Any CPU
		{E85BA8D7-4D0E-4ADA-BA4C-CA72AE6B8103}.Debug|Any CPU.Build.0 = Debug|Any CPU
		{E85BA8D7-4D0E-4ADA-BA4C-CA72AE6B8103}.Release|Any CPU.ActiveCfg = Release|Any CPU
		{E85BA8D7-4D0E-4ADA-BA4C-CA72AE6B8103}.Release|Any CPU.Build.0 = Release|Any CPU
		{F3305D9B-46F9-4C7B-8A12-CCD71EF8FF0E}.Debug|Any CPU.ActiveCfg = Debug|Any CPU
		{F3305D9B-46F9-4C7B-8A12-CCD71EF8FF0E}.Debug|Any CPU.Build.0 = Debug|Any CPU
		{F3305D9B-46F9-4C7B-8A12-CCD71EF8FF0E}.Release|Any CPU.ActiveCfg = Release|Any CPU
		{F3305D9B-46F9-4C7B-8A12-CCD71EF8FF0E}.Release|Any CPU.Build.0 = Release|Any CPU
		{A986CCFA-8761-4BC9-A7A5-21808EFAF3CF}.Debug|Any CPU.ActiveCfg = Debug|Any CPU
		{A986CCFA-8761-4BC9-A7A5-21808EFAF3CF}.Debug|Any CPU.Build.0 = Debug|Any CPU
		{A986CCFA-8761-4BC9-A7A5-21808EFAF3CF}.Release|Any CPU.ActiveCfg = Release|Any CPU
		{A986CCFA-8761-4BC9-A7A5-21808EFAF3CF}.Release|Any CPU.Build.0 = Release|Any CPU
		{DD7D1C3A-6E45-4C2E-A55A-01984AD4A3E8}.Debug|Any CPU.ActiveCfg = Debug|Any CPU
		{DD7D1C3A-6E45-4C2E-A55A-01984AD4A3E8}.Debug|Any CPU.Build.0 = Debug|Any CPU
		{DD7D1C3A-6E45-4C2E-A55A-01984AD4A3E8}.Release|Any CPU.ActiveCfg = Release|Any CPU
		{DD7D1C3A-6E45-4C2E-A55A-01984AD4A3E8}.Release|Any CPU.Build.0 = Release|Any CPU
	EndGlobalSection
	GlobalSection(SolutionProperties) = preSolution
		HideSolutionNode = FALSE
	EndGlobalSection
	GlobalSection(NestedProjects) = preSolution
		{E85BA8D7-4D0E-4ADA-BA4C-CA72AE6B8103} = {E809F652-06C8-4010-94F3-5937A31C4779}
		{F3305D9B-46F9-4C7B-8A12-CCD71EF8FF0E} = {E809F652-06C8-4010-94F3-5937A31C4779}
		{A986CCFA-8761-4BC9-A7A5-21808EFAF3CF} = {E2F5E239-3314-4D2A-8F1C-7A9A5A462636}
		{DD7D1C3A-6E45-4C2E-A55A-01984AD4A3E8} = {E2F5E239-3314-4D2A-8F1C-7A9A5A462636}
	EndGlobalSection
	GlobalSection(ExtensibilityGlobals) = postSolution
		SolutionGuid = {FC979DCB-8E68-4007-83EB-97CF13B04BF4}
	EndGlobalSection
EndGlobal
